
Microsoft Visual Studio Solution File, Format Version 12.00
# Visual Studio Version 16
VisualStudioVersion = 16.0.29306.81
MinimumVisualStudioVersion = 10.0.40219.1
Project("{FAE04EC0-301F-11D3-BF4B-00C04F79EFBC}") = "FileReadAndWrite", "FileReadAndWrite\FileReadAndWrite.csproj", "{AD864CED-4894-4588-9664-3F686D60CECB}"
EndProject
Global
	GlobalSection(SolutionConfigurationPlatforms) = preSolution
		Debug|Any CPU = Debug|Any CPU
		Release|Any CPU = Release|Any CPU
	EndGlobalSection
	GlobalSection(ProjectConfigurationPlatforms) = postSolution
		{AD864CED-4894-4588-9664-3F686D60CECB}.Debug|Any CPU.ActiveCfg = Debug|Any CPU
		{AD864CED-4894-4588-9664-3F686D60CECB}.Debug|Any CPU.Build.0 = Debug|Any CPU
		{AD864CED-4894-4588-9664-3F686D60CECB}.Release|Any CPU.ActiveCfg = Release|Any CPU
		{AD864CED-4894-4588-9664-3F686D60CECB}.Release|Any CPU.Build.0 = Release|Any CPU
	EndGlobalSection
	GlobalSection(SolutionProperties) = preSolution
		HideSolutionNode = FALSE
	EndGlobalSection
	GlobalSection(ExtensibilityGlobals) = postSolution
		SolutionGuid = {D8173CAE-8358-4D10-8DA7-66E70450AA9F}
	EndGlobalSection
EndGlobal
